
Microsoft Visual Studio Solution File, Format Version 9.00
# Visual Studio 2005
Project("{FAE04EC0-301F-11D3-BF4B-00C04F79EFBC}") = "winbattery1", "winbattery1.csproj", "{D4FE5E5D-E1C9-4ED6-A263-B9E9176DE561}"
EndProject
Global
	GlobalSection(SolutionConfigurationPlatforms) = preSolution
		Debug|Any CPU = Debug|Any CPU
		Release|Any CPU = Release|Any CPU
	EndGlobalSection
	GlobalSection(ProjectConfigurationPlatforms) = postSolution
		{D4FE5E5D-E1C9-4ED6-A263-B9E9176DE561}.Debug|Any CPU.ActiveCfg = Debug|Any CPU
		{D4FE5E5D-E1C9-4ED6-A263-B9E9176DE561}.Debug|Any CPU.Build.0 = Debug|Any CPU
		{D4FE5E5D-E1C9-4ED6-A263-B9E9176DE561}.Release|Any CPU.ActiveCfg = Release|Any CPU
		{D4FE5E5D-E1C9-4ED6-A263-B9E9176DE561}.Release|Any CPU.Build.0 = Release|Any CPU
	EndGlobalSection
	GlobalSection(SolutionProperties) = preSolution
		HideSolutionNode = FALSE
	EndGlobalSection
EndGlobal
