
Microsoft Visual Studio Solution File, Format Version 9.00
# Visual Studio 2005
Project("{FAE04EC0-301F-11D3-BF4B-00C04F79EFBC}") = "wm_app1", "wm_app1.csproj", "{A9ECFC62-6A35-4BA1-A203-299D92956355}"
EndProject
Global
	GlobalSection(SolutionConfigurationPlatforms) = preSolution
		Debug|Any CPU = Debug|Any CPU
		Release|Any CPU = Release|Any CPU
	EndGlobalSection
	GlobalSection(ProjectConfigurationPlatforms) = postSolution
		{A9ECFC62-6A35-4BA1-A203-299D92956355}.Debug|Any CPU.ActiveCfg = Debug|Any CPU
		{A9ECFC62-6A35-4BA1-A203-299D92956355}.Debug|Any CPU.Build.0 = Debug|Any CPU
		{A9ECFC62-6A35-4BA1-A203-299D92956355}.Debug|Any CPU.Deploy.0 = Debug|Any CPU
		{A9ECFC62-6A35-4BA1-A203-299D92956355}.Release|Any CPU.ActiveCfg = Release|Any CPU
		{A9ECFC62-6A35-4BA1-A203-299D92956355}.Release|Any CPU.Build.0 = Release|Any CPU
		{A9ECFC62-6A35-4BA1-A203-299D92956355}.Release|Any CPU.Deploy.0 = Release|Any CPU
	EndGlobalSection
	GlobalSection(SolutionProperties) = preSolution
		HideSolutionNode = FALSE
	EndGlobalSection
EndGlobal
